// !$*UTF8*$!
{
	archiveVersion = 1;
	classes = {
	};
	objectVersion = 55;
	objects = {

/* Begin PBXBuildFile section */
		2616981F2778BF4E00E75F80 /* SelfConfigurationCell.swift in Sources */ = {isa = PBXBuildFile; fileRef = 2616981E2778BF4D00E75F80 /* SelfConfigurationCell.swift */; };
		261698222778C1CE00E75F80 /* SectionHeader.swift in Sources */ = {isa = PBXBuildFile; fileRef = 261698212778C1CE00E75F80 /* SectionHeader.swift */; };
		261F5EF727B3EDF700C20668 /* ProfileViewController.swift in Sources */ = {isa = PBXBuildFile; fileRef = 261F5EF627B3EDF700C20668 /* ProfileViewController.swift */; };
		261F5EF927B3F67500C20668 /* InsertableTextField.swift in Sources */ = {isa = PBXBuildFile; fileRef = 261F5EF827B3F67500C20668 /* InsertableTextField.swift */; };
		261F5EFB27B4044B00C20668 /* UIView + Extension.swift in Sources */ = {isa = PBXBuildFile; fileRef = 261F5EFA27B4044B00C20668 /* UIView + Extension.swift */; };
		261F5EFD27B4092000C20668 /* ChatRequestViewController.swift in Sources */ = {isa = PBXBuildFile; fileRef = 261F5EFC27B4092000C20668 /* ChatRequestViewController.swift */; };
		261F5F0027B41A0A00C20668 /* AuthService.swift in Sources */ = {isa = PBXBuildFile; fileRef = 261F5EFF27B41A0A00C20668 /* AuthService.swift */; };
		261F5F0227B420E700C20668 /* GoogleService-Info.plist in Resources */ = {isa = PBXBuildFile; fileRef = 261F5F0127B420E700C20668 /* GoogleService-Info.plist */; };
		2622648A275A631E00BBE148 /* AppDelegate.swift in Sources */ = {isa = PBXBuildFile; fileRef = 26226489275A631E00BBE148 /* AppDelegate.swift */; };
		2622648C275A631E00BBE148 /* SceneDelegate.swift in Sources */ = {isa = PBXBuildFile; fileRef = 2622648B275A631E00BBE148 /* SceneDelegate.swift */; };
		2622648E275A631E00BBE148 /* AuthViewController.swift in Sources */ = {isa = PBXBuildFile; fileRef = 2622648D275A631E00BBE148 /* AuthViewController.swift */; };
		26226493275A631E00BBE148 /* Assets.xcassets in Resources */ = {isa = PBXBuildFile; fileRef = 26226492275A631E00BBE148 /* Assets.xcassets */; };
		26226496275A631E00BBE148 /* LaunchScreen.storyboard in Resources */ = {isa = PBXBuildFile; fileRef = 26226494275A631E00BBE148 /* LaunchScreen.storyboard */; };
		2622649E275A70DF00BBE148 /* UIButton + Extension.swift in Sources */ = {isa = PBXBuildFile; fileRef = 2622649D275A70DF00BBE148 /* UIButton + Extension.swift */; };
		262264A0275A731E00BBE148 /* UIFont + Extension.swift in Sources */ = {isa = PBXBuildFile; fileRef = 2622649F275A731E00BBE148 /* UIFont + Extension.swift */; };
		262264A2275A73FA00BBE148 /* UIColor + Extension.swift in Sources */ = {isa = PBXBuildFile; fileRef = 262264A1275A73FA00BBE148 /* UIColor + Extension.swift */; };
		262264A4275A779E00BBE148 /* UILabel + Extension.swift in Sources */ = {isa = PBXBuildFile; fileRef = 262264A3275A779E00BBE148 /* UILabel + Extension.swift */; };
		262264A6275A78E600BBE148 /* UIImageView + Extension.swift in Sources */ = {isa = PBXBuildFile; fileRef = 262264A5275A78E600BBE148 /* UIImageView + Extension.swift */; };
		262264AA275A810300BBE148 /* ButtonFormView.swift in Sources */ = {isa = PBXBuildFile; fileRef = 262264A9275A810300BBE148 /* ButtonFormView.swift */; };
		262264AC275A85FE00BBE148 /* UIStackView + Extension.swift in Sources */ = {isa = PBXBuildFile; fileRef = 262264AB275A85FE00BBE148 /* UIStackView + Extension.swift */; };
		262264AE275A9A0300BBE148 /* SignUpViewController.swift in Sources */ = {isa = PBXBuildFile; fileRef = 262264AD275A9A0300BBE148 /* SignUpViewController.swift */; };
		262264B0275A9D2E00BBE148 /* OneLineTextField.swift in Sources */ = {isa = PBXBuildFile; fileRef = 262264AF275A9D2E00BBE148 /* OneLineTextField.swift */; };
		262264B2275CE3CF00BBE148 /* LoginViewController.swift in Sources */ = {isa = PBXBuildFile; fileRef = 262264B1275CE3CF00BBE148 /* LoginViewController.swift */; };
		262264B4275CF66500BBE148 /* SetupProfileViewController.swift in Sources */ = {isa = PBXBuildFile; fileRef = 262264B3275CF66500BBE148 /* SetupProfileViewController.swift */; };
		262264B6275CF90B00BBE148 /* AddPhotoView.swift in Sources */ = {isa = PBXBuildFile; fileRef = 262264B5275CF90B00BBE148 /* AddPhotoView.swift */; };
		26252ADA2778B02B0088E7FA /* GradientView.swift in Sources */ = {isa = PBXBuildFile; fileRef = 26252AD92778B02B0088E7FA /* GradientView.swift */; };
		2646BABF276540D000D49AB7 /* ActiveChatCell.swift in Sources */ = {isa = PBXBuildFile; fileRef = 2646BABE276540D000D49AB7 /* ActiveChatCell.swift */; };
		2652AF28275D084E00A7C0C2 /* UISegmentedControll + Extension.swift in Sources */ = {isa = PBXBuildFile; fileRef = 2652AF27275D084E00A7C0C2 /* UISegmentedControll + Extension.swift */; };
		2652AF2A275D233200A7C0C2 /* ListViewController.swift in Sources */ = {isa = PBXBuildFile; fileRef = 2652AF29275D233200A7C0C2 /* ListViewController.swift */; };
		2652AF2E275D276E00A7C0C2 /* MainTabBarController.swift in Sources */ = {isa = PBXBuildFile; fileRef = 2652AF2D275D276E00A7C0C2 /* MainTabBarController.swift */; };
		2652AF30275D27BD00A7C0C2 /* PeopleViewController.swift in Sources */ = {isa = PBXBuildFile; fileRef = 2652AF2F275D27BD00A7C0C2 /* PeopleViewController.swift */; };
		268096122778B76600FDD040 /* WaitingChatCell.swift in Sources */ = {isa = PBXBuildFile; fileRef = 268096112778B76600FDD040 /* WaitingChatCell.swift */; };
		26DDFD3127820236009A7940 /* users.json in Resources */ = {isa = PBXBuildFile; fileRef = 26DDFD3027820236009A7940 /* users.json */; };
		26DDFD33278202D5009A7940 /* MUser.swift in Sources */ = {isa = PBXBuildFile; fileRef = 26DDFD32278202D5009A7940 /* MUser.swift */; };
		26DDFD35278202E1009A7940 /* MChat.swift in Sources */ = {isa = PBXBuildFile; fileRef = 26DDFD34278202E1009A7940 /* MChat.swift */; };
		26ECECC427616D6900AC943B /* waitingChats.json in Resources */ = {isa = PBXBuildFile; fileRef = 26ECECC227616D6900AC943B /* waitingChats.json */; };
		26ECECC527616D6900AC943B /* activeChats.json in Resources */ = {isa = PBXBuildFile; fileRef = 26ECECC327616D6900AC943B /* activeChats.json */; };
		26ECECC727616E9600AC943B /* Bundle.swift in Sources */ = {isa = PBXBuildFile; fileRef = 26ECECC627616E9600AC943B /* Bundle.swift */; };
		26F65C4827B02AD50048196F /* UserCell.swift in Sources */ = {isa = PBXBuildFile; fileRef = 26F65C4727B02AD50048196F /* UserCell.swift */; };
		26F65C4A27B02CA50048196F /* UIViewController + Extension.swift in Sources */ = {isa = PBXBuildFile; fileRef = 26F65C4927B02CA50048196F /* UIViewController + Extension.swift */; };
		D9EE49133B041454E0F843A9 /* Pods_SBChat.framework in Frameworks */ = {isa = PBXBuildFile; fileRef = 082D240CF8128EAC141D506B /* Pods_SBChat.framework */; };
/* End PBXBuildFile section */

/* Begin PBXFileReference section */
		082D240CF8128EAC141D506B /* Pods_SBChat.framework */ = {isa = PBXFileReference; explicitFileType = wrapper.framework; includeInIndex = 0; path = Pods_SBChat.framework; sourceTree = BUILT_PRODUCTS_DIR; };
		2616981E2778BF4D00E75F80 /* SelfConfigurationCell.swift */ = {isa = PBXFileReference; lastKnownFileType = sourcecode.swift; path = SelfConfigurationCell.swift; sourceTree = "<group>"; };
		261698212778C1CE00E75F80 /* SectionHeader.swift */ = {isa = PBXFileReference; lastKnownFileType = sourcecode.swift; path = SectionHeader.swift; sourceTree = "<group>"; };
		261F5EF627B3EDF700C20668 /* ProfileViewController.swift */ = {isa = PBXFileReference; lastKnownFileType = sourcecode.swift; path = ProfileViewController.swift; sourceTree = "<group>"; };
		261F5EF827B3F67500C20668 /* InsertableTextField.swift */ = {isa = PBXFileReference; lastKnownFileType = sourcecode.swift; path = InsertableTextField.swift; sourceTree = "<group>"; };
		261F5EFA27B4044B00C20668 /* UIView + Extension.swift */ = {isa = PBXFileReference; lastKnownFileType = sourcecode.swift; path = "UIView + Extension.swift"; sourceTree = "<group>"; };
		261F5EFC27B4092000C20668 /* ChatRequestViewController.swift */ = {isa = PBXFileReference; lastKnownFileType = sourcecode.swift; path = ChatRequestViewController.swift; sourceTree = "<group>"; };
		261F5EFF27B41A0A00C20668 /* AuthService.swift */ = {isa = PBXFileReference; lastKnownFileType = sourcecode.swift; path = AuthService.swift; sourceTree = "<group>"; };
		261F5F0127B420E700C20668 /* GoogleService-Info.plist */ = {isa = PBXFileReference; fileEncoding = 4; lastKnownFileType = text.plist.xml; path = "GoogleService-Info.plist"; sourceTree = "<group>"; };
		26226486275A631E00BBE148 /* SBChat.app */ = {isa = PBXFileReference; explicitFileType = wrapper.application; includeInIndex = 0; path = SBChat.app; sourceTree = BUILT_PRODUCTS_DIR; };
		26226489275A631E00BBE148 /* AppDelegate.swift */ = {isa = PBXFileReference; lastKnownFileType = sourcecode.swift; path = AppDelegate.swift; sourceTree = "<group>"; };
		2622648B275A631E00BBE148 /* SceneDelegate.swift */ = {isa = PBXFileReference; lastKnownFileType = sourcecode.swift; path = SceneDelegate.swift; sourceTree = "<group>"; };
		2622648D275A631E00BBE148 /* AuthViewController.swift */ = {isa = PBXFileReference; lastKnownFileType = sourcecode.swift; path = AuthViewController.swift; sourceTree = "<group>"; };
		26226492275A631E00BBE148 /* Assets.xcassets */ = {isa = PBXFileReference; lastKnownFileType = folder.assetcatalog; path = Assets.xcassets; sourceTree = "<group>"; };
		26226495275A631E00BBE148 /* Base */ = {isa = PBXFileReference; lastKnownFileType = file.storyboard; name = Base; path = Base.lproj/LaunchScreen.storyboard; sourceTree = "<group>"; };
		26226497275A631E00BBE148 /* Info.plist */ = {isa = PBXFileReference; lastKnownFileType = text.plist.xml; path = Info.plist; sourceTree = "<group>"; };
		2622649D275A70DF00BBE148 /* UIButton + Extension.swift */ = {isa = PBXFileReference; lastKnownFileType = sourcecode.swift; path = "UIButton + Extension.swift"; sourceTree = "<group>"; };
		2622649F275A731E00BBE148 /* UIFont + Extension.swift */ = {isa = PBXFileReference; lastKnownFileType = sourcecode.swift; path = "UIFont + Extension.swift"; sourceTree = "<group>"; };
		262264A1275A73FA00BBE148 /* UIColor + Extension.swift */ = {isa = PBXFileReference; lastKnownFileType = sourcecode.swift; path = "UIColor + Extension.swift"; sourceTree = "<group>"; };
		262264A3275A779E00BBE148 /* UILabel + Extension.swift */ = {isa = PBXFileReference; lastKnownFileType = sourcecode.swift; path = "UILabel + Extension.swift"; sourceTree = "<group>"; };
		262264A5275A78E600BBE148 /* UIImageView + Extension.swift */ = {isa = PBXFileReference; lastKnownFileType = sourcecode.swift; path = "UIImageView + Extension.swift"; sourceTree = "<group>"; };
		262264A9275A810300BBE148 /* ButtonFormView.swift */ = {isa = PBXFileReference; lastKnownFileType = sourcecode.swift; path = ButtonFormView.swift; sourceTree = "<group>"; };
		262264AB275A85FE00BBE148 /* UIStackView + Extension.swift */ = {isa = PBXFileReference; lastKnownFileType = sourcecode.swift; path = "UIStackView + Extension.swift"; sourceTree = "<group>"; };
		262264AD275A9A0300BBE148 /* SignUpViewController.swift */ = {isa = PBXFileReference; lastKnownFileType = sourcecode.swift; path = SignUpViewController.swift; sourceTree = "<group>"; };
		262264AF275A9D2E00BBE148 /* OneLineTextField.swift */ = {isa = PBXFileReference; lastKnownFileType = sourcecode.swift; path = OneLineTextField.swift; sourceTree = "<group>"; };
		262264B1275CE3CF00BBE148 /* LoginViewController.swift */ = {isa = PBXFileReference; lastKnownFileType = sourcecode.swift; path = LoginViewController.swift; sourceTree = "<group>"; };
		262264B3275CF66500BBE148 /* SetupProfileViewController.swift */ = {isa = PBXFileReference; lastKnownFileType = sourcecode.swift; path = SetupProfileViewController.swift; sourceTree = "<group>"; };
		262264B5275CF90B00BBE148 /* AddPhotoView.swift */ = {isa = PBXFileReference; lastKnownFileType = sourcecode.swift; path = AddPhotoView.swift; sourceTree = "<group>"; };
		26252AD92778B02B0088E7FA /* GradientView.swift */ = {isa = PBXFileReference; lastKnownFileType = sourcecode.swift; path = GradientView.swift; sourceTree = "<group>"; };
		2646BABE276540D000D49AB7 /* ActiveChatCell.swift */ = {isa = PBXFileReference; lastKnownFileType = sourcecode.swift; path = ActiveChatCell.swift; sourceTree = "<group>"; };
		2652AF27275D084E00A7C0C2 /* UISegmentedControll + Extension.swift */ = {isa = PBXFileReference; lastKnownFileType = sourcecode.swift; path = "UISegmentedControll + Extension.swift"; sourceTree = "<group>"; };
		2652AF29275D233200A7C0C2 /* ListViewController.swift */ = {isa = PBXFileReference; lastKnownFileType = sourcecode.swift; path = ListViewController.swift; sourceTree = "<group>"; };
		2652AF2D275D276E00A7C0C2 /* MainTabBarController.swift */ = {isa = PBXFileReference; lastKnownFileType = sourcecode.swift; path = MainTabBarController.swift; sourceTree = "<group>"; };
		2652AF2F275D27BD00A7C0C2 /* PeopleViewController.swift */ = {isa = PBXFileReference; lastKnownFileType = sourcecode.swift; path = PeopleViewController.swift; sourceTree = "<group>"; };
		268096112778B76600FDD040 /* WaitingChatCell.swift */ = {isa = PBXFileReference; lastKnownFileType = sourcecode.swift; path = WaitingChatCell.swift; sourceTree = "<group>"; };
		26DDFD3027820236009A7940 /* users.json */ = {isa = PBXFileReference; fileEncoding = 4; lastKnownFileType = text.json; path = users.json; sourceTree = "<group>"; };
		26DDFD32278202D5009A7940 /* MUser.swift */ = {isa = PBXFileReference; lastKnownFileType = sourcecode.swift; path = MUser.swift; sourceTree = "<group>"; };
		26DDFD34278202E1009A7940 /* MChat.swift */ = {isa = PBXFileReference; lastKnownFileType = sourcecode.swift; path = MChat.swift; sourceTree = "<group>"; };
		26ECECC227616D6900AC943B /* waitingChats.json */ = {isa = PBXFileReference; fileEncoding = 4; lastKnownFileType = text.json; path = waitingChats.json; sourceTree = "<group>"; };
		26ECECC327616D6900AC943B /* activeChats.json */ = {isa = PBXFileReference; fileEncoding = 4; lastKnownFileType = text.json; path = activeChats.json; sourceTree = "<group>"; };
		26ECECC627616E9600AC943B /* Bundle.swift */ = {isa = PBXFileReference; lastKnownFileType = sourcecode.swift; path = Bundle.swift; sourceTree = "<group>"; };
		26F65C4727B02AD50048196F /* UserCell.swift */ = {isa = PBXFileReference; lastKnownFileType = sourcecode.swift; path = UserCell.swift; sourceTree = "<group>"; };
		26F65C4927B02CA50048196F /* UIViewController + Extension.swift */ = {isa = PBXFileReference; lastKnownFileType = sourcecode.swift; path = "UIViewController + Extension.swift"; sourceTree = "<group>"; };
		2B341652195CD20EC2ACECA7 /* Pods-SBChat.debug.xcconfig */ = {isa = PBXFileReference; includeInIndex = 1; lastKnownFileType = text.xcconfig; name = "Pods-SBChat.debug.xcconfig"; path = "Target Support Files/Pods-SBChat/Pods-SBChat.debug.xcconfig"; sourceTree = "<group>"; };
		B25F78BC539F68B19D1993BA /* Pods-SBChat.release.xcconfig */ = {isa = PBXFileReference; includeInIndex = 1; lastKnownFileType = text.xcconfig; name = "Pods-SBChat.release.xcconfig"; path = "Target Support Files/Pods-SBChat/Pods-SBChat.release.xcconfig"; sourceTree = "<group>"; };
/* End PBXFileReference section */

/* Begin PBXFrameworksBuildPhase section */
		26226483275A631E00BBE148 /* Frameworks */ = {
			isa = PBXFrameworksBuildPhase;
			buildActionMask = 2147483647;
			files = (
				D9EE49133B041454E0F843A9 /* Pods_SBChat.framework in Frameworks */,
			);
			runOnlyForDeploymentPostprocessing = 0;
		};
/* End PBXFrameworksBuildPhase section */

/* Begin PBXGroup section */
		261698202778BF6400E75F80 /* Protocols */ = {
			isa = PBXGroup;
			children = (
				2616981E2778BF4D00E75F80 /* SelfConfigurationCell.swift */,
			);
			path = Protocols;
			sourceTree = "<group>";
		};
		261F5EFE27B419E500C20668 /* Services */ = {
			isa = PBXGroup;
			children = (
				26DDFD3627820329009A7940 /* Model */,
				261F5EFF27B41A0A00C20668 /* AuthService.swift */,
			);
			path = Services;
			sourceTree = "<group>";
		};
		2622647D275A631E00BBE148 = {
			isa = PBXGroup;
			children = (
				26226488275A631E00BBE148 /* SBChat */,
				26226487275A631E00BBE148 /* Products */,
				3EF8459A7CE54CD5C66EEBFA /* Pods */,
				B515BCE7D50D72763299E837 /* Frameworks */,
			);
			sourceTree = "<group>";
		};
		26226487275A631E00BBE148 /* Products */ = {
			isa = PBXGroup;
			children = (
				26226486275A631E00BBE148 /* SBChat.app */,
			);
			name = Products;
			sourceTree = "<group>";
		};
		26226488275A631E00BBE148 /* SBChat */ = {
			isa = PBXGroup;
			children = (
				26226489275A631E00BBE148 /* AppDelegate.swift */,
				2622648B275A631E00BBE148 /* SceneDelegate.swift */,
				261F5EFE27B419E500C20668 /* Services */,
				2652AF2B275D273D00A7C0C2 /* Sigin & Auth */,
				2652AF2C275D275B00A7C0C2 /* Controllers */,
				261698202778BF6400E75F80 /* Protocols */,
				262264A8275A7AEA00BBE148 /* Extensions */,
				26226492275A631E00BBE148 /* Assets.xcassets */,
				26226494275A631E00BBE148 /* LaunchScreen.storyboard */,
				26226497275A631E00BBE148 /* Info.plist */,
				261F5F0127B420E700C20668 /* GoogleService-Info.plist */,
			);
			path = SBChat;
			sourceTree = "<group>";
		};
		262264A7275A7ADF00BBE148 /* UIKit */ = {
			isa = PBXGroup;
			children = (
				2622649D275A70DF00BBE148 /* UIButton + Extension.swift */,
				261F5EFA27B4044B00C20668 /* UIView + Extension.swift */,
				262264A1275A73FA00BBE148 /* UIColor + Extension.swift */,
				2622649F275A731E00BBE148 /* UIFont + Extension.swift */,
				262264A5275A78E600BBE148 /* UIImageView + Extension.swift */,
				2652AF27275D084E00A7C0C2 /* UISegmentedControll + Extension.swift */,
				262264A3275A779E00BBE148 /* UILabel + Extension.swift */,
				262264AB275A85FE00BBE148 /* UIStackView + Extension.swift */,
				26F65C4927B02CA50048196F /* UIViewController + Extension.swift */,
			);
			path = UIKit;
			sourceTree = "<group>";
		};
		262264A8275A7AEA00BBE148 /* Extensions */ = {
			isa = PBXGroup;
			children = (
				261F5EF827B3F67500C20668 /* InsertableTextField.swift */,
				262264AF275A9D2E00BBE148 /* OneLineTextField.swift */,
				262264B5275CF90B00BBE148 /* AddPhotoView.swift */,
				262264A9275A810300BBE148 /* ButtonFormView.swift */,
				26252AD92778B02B0088E7FA /* GradientView.swift */,
				262264A7275A7ADF00BBE148 /* UIKit */,
				26DDFD3027820236009A7940 /* users.json */,
				26ECECC327616D6900AC943B /* activeChats.json */,
				26ECECC227616D6900AC943B /* waitingChats.json */,
			);
			path = Extensions;
			sourceTree = "<group>";
		};
		2646BABD276540C100D49AB7 /* Cell */ = {
			isa = PBXGroup;
			children = (
				2646BABE276540D000D49AB7 /* ActiveChatCell.swift */,
				268096112778B76600FDD040 /* WaitingChatCell.swift */,
				26F65C4727B02AD50048196F /* UserCell.swift */,
			);
			path = Cell;
			sourceTree = "<group>";
		};
		2652AF2B275D273D00A7C0C2 /* Sigin & Auth */ = {
			isa = PBXGroup;
			children = (
				2622648D275A631E00BBE148 /* AuthViewController.swift */,
				262264AD275A9A0300BBE148 /* SignUpViewController.swift */,
				262264B1275CE3CF00BBE148 /* LoginViewController.swift */,
				262264B3275CF66500BBE148 /* SetupProfileViewController.swift */,
			);
			path = "Sigin & Auth";
			sourceTree = "<group>";
		};
		2652AF2C275D275B00A7C0C2 /* Controllers */ = {
			isa = PBXGroup;
			children = (
				261F5EFC27B4092000C20668 /* ChatRequestViewController.swift */,
				2652AF29275D233200A7C0C2 /* ListViewController.swift */,
				2652AF2D275D276E00A7C0C2 /* MainTabBarController.swift */,
				2652AF2F275D27BD00A7C0C2 /* PeopleViewController.swift */,
				261F5EF627B3EDF700C20668 /* ProfileViewController.swift */,
				26ECECC627616E9600AC943B /* Bundle.swift */,
				266C53C12782005C000F0AC9 /* Header */,
				2646BABD276540C100D49AB7 /* Cell */,
			);
			path = Controllers;
			sourceTree = "<group>";
		};
		266C53C12782005C000F0AC9 /* Header */ = {
			isa = PBXGroup;
			children = (
				261698212778C1CE00E75F80 /* SectionHeader.swift */,
			);
			path = Header;
			sourceTree = "<group>";
		};
		26DDFD3627820329009A7940 /* Model */ = {
			isa = PBXGroup;
			children = (
				26DDFD32278202D5009A7940 /* MUser.swift */,
				26DDFD34278202E1009A7940 /* MChat.swift */,
			);
			path = Model;
			sourceTree = "<group>";
		};
		3EF8459A7CE54CD5C66EEBFA /* Pods */ = {
			isa = PBXGroup;
			children = (
				2B341652195CD20EC2ACECA7 /* Pods-SBChat.debug.xcconfig */,
				B25F78BC539F68B19D1993BA /* Pods-SBChat.release.xcconfig */,
			);
			path = Pods;
			sourceTree = "<group>";
		};
		B515BCE7D50D72763299E837 /* Frameworks */ = {
			isa = PBXGroup;
			children = (
				082D240CF8128EAC141D506B /* Pods_SBChat.framework */,
			);
			name = Frameworks;
			sourceTree = "<group>";
		};
/* End PBXGroup section */

/* Begin PBXNativeTarget section */
		26226485275A631E00BBE148 /* SBChat */ = {
			isa = PBXNativeTarget;
			buildConfigurationList = 2622649A275A631E00BBE148 /* Build configuration list for PBXNativeTarget "SBChat" */;
			buildPhases = (
				5BD667D754313F6B3327E480 /* [CP] Check Pods Manifest.lock */,
				26226482275A631E00BBE148 /* Sources */,
				26226483275A631E00BBE148 /* Frameworks */,
				26226484275A631E00BBE148 /* Resources */,
				26F65C4B27B1AAD00048196F /* ShellScript */,
				AD5A70723441D687E1753E31 /* [CP] Embed Pods Frameworks */,
			);
			buildRules = (
			);
			dependencies = (
			);
			name = SBChat;
			productName = SBChat;
			productReference = 26226486275A631E00BBE148 /* SBChat.app */;
			productType = "com.apple.product-type.application";
		};
/* End PBXNativeTarget section */

/* Begin PBXProject section */
		2622647E275A631E00BBE148 /* Project object */ = {
			isa = PBXProject;
			attributes = {
				BuildIndependentTargetsInParallel = 1;
				LastSwiftUpdateCheck = 1310;
				LastUpgradeCheck = 1310;
				TargetAttributes = {
					26226485275A631E00BBE148 = {
						CreatedOnToolsVersion = 13.1;
					};
				};
			};
			buildConfigurationList = 26226481275A631E00BBE148 /* Build configuration list for PBXProject "SBChat" */;
			compatibilityVersion = "Xcode 13.0";
			developmentRegion = en;
			hasScannedForEncodings = 0;
			knownRegions = (
				en,
				Base,
			);
			mainGroup = 2622647D275A631E00BBE148;
			productRefGroup = 26226487275A631E00BBE148 /* Products */;
			projectDirPath = "";
			projectRoot = "";
			targets = (
				26226485275A631E00BBE148 /* SBChat */,
			);
		};
/* End PBXProject section */

/* Begin PBXResourcesBuildPhase section */
		26226484275A631E00BBE148 /* Resources */ = {
			isa = PBXResourcesBuildPhase;
			buildActionMask = 2147483647;
			files = (
				26DDFD3127820236009A7940 /* users.json in Resources */,
				26ECECC427616D6900AC943B /* waitingChats.json in Resources */,
				26226496275A631E00BBE148 /* LaunchScreen.storyboard in Resources */,
				26226493275A631E00BBE148 /* Assets.xcassets in Resources */,
				26ECECC527616D6900AC943B /* activeChats.json in Resources */,
				261F5F0227B420E700C20668 /* GoogleService-Info.plist in Resources */,
			);
			runOnlyForDeploymentPostprocessing = 0;
		};
/* End PBXResourcesBuildPhase section */

/* Begin PBXShellScriptBuildPhase section */
		26F65C4B27B1AAD00048196F /* ShellScript */ = {
			isa = PBXShellScriptBuildPhase;
			buildActionMask = 2147483647;
			files = (
			);
			inputFileListPaths = (
			);
			inputPaths = (
			);
			outputFileListPaths = (
			);
			outputPaths = (
			);
			runOnlyForDeploymentPostprocessing = 0;
			shellPath = /bin/sh;
			shellScript = "\"${PODS_ROOT}/SwiftLint/swiftlint\"\n";
		};
		5BD667D754313F6B3327E480 /* [CP] Check Pods Manifest.lock */ = {
			isa = PBXShellScriptBuildPhase;
			buildActionMask = 2147483647;
			files = (
			);
			inputFileListPaths = (
			);
			inputPaths = (
				"${PODS_PODFILE_DIR_PATH}/Podfile.lock",
				"${PODS_ROOT}/Manifest.lock",
			);
			name = "[CP] Check Pods Manifest.lock";
			outputFileListPaths = (
			);
			outputPaths = (
				"$(DERIVED_FILE_DIR)/Pods-SBChat-checkManifestLockResult.txt",
			);
			runOnlyForDeploymentPostprocessing = 0;
			shellPath = /bin/sh;
			shellScript = "diff \"${PODS_PODFILE_DIR_PATH}/Podfile.lock\" \"${PODS_ROOT}/Manifest.lock\" > /dev/null\nif [ $? != 0 ] ; then\n    # print error to STDERR\n    echo \"error: The sandbox is not in sync with the Podfile.lock. Run 'pod install' or update your CocoaPods installation.\" >&2\n    exit 1\nfi\n# This output is used by Xcode 'outputs' to avoid re-running this script phase.\necho \"SUCCESS\" > \"${SCRIPT_OUTPUT_FILE_0}\"\n";
			showEnvVarsInLog = 0;
		};
		AD5A70723441D687E1753E31 /* [CP] Embed Pods Frameworks */ = {
			isa = PBXShellScriptBuildPhase;
			buildActionMask = 2147483647;
			files = (
			);
			inputFileListPaths = (
				"${PODS_ROOT}/Target Support Files/Pods-SBChat/Pods-SBChat-frameworks-${CONFIGURATION}-input-files.xcfilelist",
			);
			name = "[CP] Embed Pods Frameworks";
			outputFileListPaths = (
				"${PODS_ROOT}/Target Support Files/Pods-SBChat/Pods-SBChat-frameworks-${CONFIGURATION}-output-files.xcfilelist",
			);
			runOnlyForDeploymentPostprocessing = 0;
			shellPath = /bin/sh;
			shellScript = "\"${PODS_ROOT}/Target Support Files/Pods-SBChat/Pods-SBChat-frameworks.sh\"\n";
			showEnvVarsInLog = 0;
		};
/* End PBXShellScriptBuildPhase section */

/* Begin PBXSourcesBuildPhase section */
		26226482275A631E00BBE148 /* Sources */ = {
			isa = PBXSourcesBuildPhase;
			buildActionMask = 2147483647;
			files = (
				26DDFD35278202E1009A7940 /* MChat.swift in Sources */,
				2652AF2A275D233200A7C0C2 /* ListViewController.swift in Sources */,
				262264B0275A9D2E00BBE148 /* OneLineTextField.swift in Sources */,
				261698222778C1CE00E75F80 /* SectionHeader.swift in Sources */,
				26252ADA2778B02B0088E7FA /* GradientView.swift in Sources */,
				2652AF2E275D276E00A7C0C2 /* MainTabBarController.swift in Sources */,
				262264AE275A9A0300BBE148 /* SignUpViewController.swift in Sources */,
				26DDFD33278202D5009A7940 /* MUser.swift in Sources */,
				2646BABF276540D000D49AB7 /* ActiveChatCell.swift in Sources */,
				262264A0275A731E00BBE148 /* UIFont + Extension.swift in Sources */,
				261F5EF927B3F67500C20668 /* InsertableTextField.swift in Sources */,
				2652AF30275D27BD00A7C0C2 /* PeopleViewController.swift in Sources */,
				2622648E275A631E00BBE148 /* AuthViewController.swift in Sources */,
				261F5EF727B3EDF700C20668 /* ProfileViewController.swift in Sources */,
				262264B4275CF66500BBE148 /* SetupProfileViewController.swift in Sources */,
				261F5EFD27B4092000C20668 /* ChatRequestViewController.swift in Sources */,
				262264A4275A779E00BBE148 /* UILabel + Extension.swift in Sources */,
				262264AC275A85FE00BBE148 /* UIStackView + Extension.swift in Sources */,
				2652AF28275D084E00A7C0C2 /* UISegmentedControll + Extension.swift in Sources */,
				262264B6275CF90B00BBE148 /* AddPhotoView.swift in Sources */,
				262264AA275A810300BBE148 /* ButtonFormView.swift in Sources */,
				261F5EFB27B4044B00C20668 /* UIView + Extension.swift in Sources */,
				26ECECC727616E9600AC943B /* Bundle.swift in Sources */,
				2616981F2778BF4E00E75F80 /* SelfConfigurationCell.swift in Sources */,
				26F65C4827B02AD50048196F /* UserCell.swift in Sources */,
				26F65C4A27B02CA50048196F /* UIViewController + Extension.swift in Sources */,
				2622648A275A631E00BBE148 /* AppDelegate.swift in Sources */,
				268096122778B76600FDD040 /* WaitingChatCell.swift in Sources */,
				262264A6275A78E600BBE148 /* UIImageView + Extension.swift in Sources */,
				262264A2275A73FA00BBE148 /* UIColor + Extension.swift in Sources */,
				2622648C275A631E00BBE148 /* SceneDelegate.swift in Sources */,
				261F5F0027B41A0A00C20668 /* AuthService.swift in Sources */,
				262264B2275CE3CF00BBE148 /* LoginViewController.swift in Sources */,
				2622649E275A70DF00BBE148 /* UIButton + Extension.swift in Sources */,
			);
			runOnlyForDeploymentPostprocessing = 0;
		};
/* End PBXSourcesBuildPhase section */

/* Begin PBXVariantGroup section */
		26226494275A631E00BBE148 /* LaunchScreen.storyboard */ = {
			isa = PBXVariantGroup;
			children = (
				26226495275A631E00BBE148 /* Base */,
			);
			name = LaunchScreen.storyboard;
			sourceTree = "<group>";
		};
/* End PBXVariantGroup section */

/* Begin XCBuildConfiguration section */
		26226498275A631E00BBE148 /* Debug */ = {
			isa = XCBuildConfiguration;
			buildSettings = {
				ALWAYS_SEARCH_USER_PATHS = NO;
				CLANG_ANALYZER_NONNULL = YES;
				CLANG_ANALYZER_NUMBER_OBJECT_CONVERSION = YES_AGGRESSIVE;
				CLANG_CXX_LANGUAGE_STANDARD = "gnu++17";
				CLANG_CXX_LIBRARY = "libc++";
				CLANG_ENABLE_MODULES = YES;
				CLANG_ENABLE_OBJC_ARC = YES;
				CLANG_ENABLE_OBJC_WEAK = YES;
				CLANG_WARN_BLOCK_CAPTURE_AUTORELEASING = YES;
				CLANG_WARN_BOOL_CONVERSION = YES;
				CLANG_WARN_COMMA = YES;
				CLANG_WARN_CONSTANT_CONVERSION = YES;
				CLANG_WARN_DEPRECATED_OBJC_IMPLEMENTATIONS = YES;
				CLANG_WARN_DIRECT_OBJC_ISA_USAGE = YES_ERROR;
				CLANG_WARN_DOCUMENTATION_COMMENTS = YES;
				CLANG_WARN_EMPTY_BODY = YES;
				CLANG_WARN_ENUM_CONVERSION = YES;
				CLANG_WARN_INFINITE_RECURSION = YES;
				CLANG_WARN_INT_CONVERSION = YES;
				CLANG_WARN_NON_LITERAL_NULL_CONVERSION = YES;
				CLANG_WARN_OBJC_IMPLICIT_RETAIN_SELF = YES;
				CLANG_WARN_OBJC_LITERAL_CONVERSION = YES;
				CLANG_WARN_OBJC_ROOT_CLASS = YES_ERROR;
				CLANG_WARN_QUOTED_INCLUDE_IN_FRAMEWORK_HEADER = YES;
				CLANG_WARN_RANGE_LOOP_ANALYSIS = YES;
				CLANG_WARN_STRICT_PROTOTYPES = YES;
				CLANG_WARN_SUSPICIOUS_MOVE = YES;
				CLANG_WARN_UNGUARDED_AVAILABILITY = YES_AGGRESSIVE;
				CLANG_WARN_UNREACHABLE_CODE = YES;
				CLANG_WARN__DUPLICATE_METHOD_MATCH = YES;
				COPY_PHASE_STRIP = NO;
				DEBUG_INFORMATION_FORMAT = dwarf;
				ENABLE_STRICT_OBJC_MSGSEND = YES;
				ENABLE_TESTABILITY = YES;
				GCC_C_LANGUAGE_STANDARD = gnu11;
				GCC_DYNAMIC_NO_PIC = NO;
				GCC_NO_COMMON_BLOCKS = YES;
				GCC_OPTIMIZATION_LEVEL = 0;
				GCC_PREPROCESSOR_DEFINITIONS = (
					"DEBUG=1",
					"$(inherited)",
				);
				GCC_WARN_64_TO_32_BIT_CONVERSION = YES;
				GCC_WARN_ABOUT_RETURN_TYPE = YES_ERROR;
				GCC_WARN_UNDECLARED_SELECTOR = YES;
				GCC_WARN_UNINITIALIZED_AUTOS = YES_AGGRESSIVE;
				GCC_WARN_UNUSED_FUNCTION = YES;
				GCC_WARN_UNUSED_VARIABLE = YES;
				IPHONEOS_DEPLOYMENT_TARGET = 15.0;
				MTL_ENABLE_DEBUG_INFO = INCLUDE_SOURCE;
				MTL_FAST_MATH = YES;
				ONLY_ACTIVE_ARCH = YES;
				SDKROOT = iphoneos;
				SWIFT_ACTIVE_COMPILATION_CONDITIONS = DEBUG;
				SWIFT_OPTIMIZATION_LEVEL = "-Onone";
			};
			name = Debug;
		};
		26226499275A631E00BBE148 /* Release */ = {
			isa = XCBuildConfiguration;
			buildSettings = {
				ALWAYS_SEARCH_USER_PATHS = NO;
				CLANG_ANALYZER_NONNULL = YES;
				CLANG_ANALYZER_NUMBER_OBJECT_CONVERSION = YES_AGGRESSIVE;
				CLANG_CXX_LANGUAGE_STANDARD = "gnu++17";
				CLANG_CXX_LIBRARY = "libc++";
				CLANG_ENABLE_MODULES = YES;
				CLANG_ENABLE_OBJC_ARC = YES;
				CLANG_ENABLE_OBJC_WEAK = YES;
				CLANG_WARN_BLOCK_CAPTURE_AUTORELEASING = YES;
				CLANG_WARN_BOOL_CONVERSION = YES;
				CLANG_WARN_COMMA = YES;
				CLANG_WARN_CONSTANT_CONVERSION = YES;
				CLANG_WARN_DEPRECATED_OBJC_IMPLEMENTATIONS = YES;
				CLANG_WARN_DIRECT_OBJC_ISA_USAGE = YES_ERROR;
				CLANG_WARN_DOCUMENTATION_COMMENTS = YES;
				CLANG_WARN_EMPTY_BODY = YES;
				CLANG_WARN_ENUM_CONVERSION = YES;
				CLANG_WARN_INFINITE_RECURSION = YES;
				CLANG_WARN_INT_CONVERSION = YES;
				CLANG_WARN_NON_LITERAL_NULL_CONVERSION = YES;
				CLANG_WARN_OBJC_IMPLICIT_RETAIN_SELF = YES;
				CLANG_WARN_OBJC_LITERAL_CONVERSION = YES;
				CLANG_WARN_OBJC_ROOT_CLASS = YES_ERROR;
				CLANG_WARN_QUOTED_INCLUDE_IN_FRAMEWORK_HEADER = YES;
				CLANG_WARN_RANGE_LOOP_ANALYSIS = YES;
				CLANG_WARN_STRICT_PROTOTYPES = YES;
				CLANG_WARN_SUSPICIOUS_MOVE = YES;
				CLANG_WARN_UNGUARDED_AVAILABILITY = YES_AGGRESSIVE;
				CLANG_WARN_UNREACHABLE_CODE = YES;
				CLANG_WARN__DUPLICATE_METHOD_MATCH = YES;
				COPY_PHASE_STRIP = NO;
				DEBUG_INFORMATION_FORMAT = "dwarf-with-dsym";
				ENABLE_NS_ASSERTIONS = NO;
				ENABLE_STRICT_OBJC_MSGSEND = YES;
				GCC_C_LANGUAGE_STANDARD = gnu11;
				GCC_NO_COMMON_BLOCKS = YES;
				GCC_WARN_64_TO_32_BIT_CONVERSION = YES;
				GCC_WARN_ABOUT_RETURN_TYPE = YES_ERROR;
				GCC_WARN_UNDECLARED_SELECTOR = YES;
				GCC_WARN_UNINITIALIZED_AUTOS = YES_AGGRESSIVE;
				GCC_WARN_UNUSED_FUNCTION = YES;
				GCC_WARN_UNUSED_VARIABLE = YES;
				IPHONEOS_DEPLOYMENT_TARGET = 15.0;
				MTL_ENABLE_DEBUG_INFO = NO;
				MTL_FAST_MATH = YES;
				SDKROOT = iphoneos;
				SWIFT_COMPILATION_MODE = wholemodule;
				SWIFT_OPTIMIZATION_LEVEL = "-O";
				VALIDATE_PRODUCT = YES;
			};
			name = Release;
		};
		2622649B275A631E00BBE148 /* Debug */ = {
			isa = XCBuildConfiguration;
			baseConfigurationReference = 2B341652195CD20EC2ACECA7 /* Pods-SBChat.debug.xcconfig */;
			buildSettings = {
				ASSETCATALOG_COMPILER_APPICON_NAME = AppIcon;
				ASSETCATALOG_COMPILER_GLOBAL_ACCENT_COLOR_NAME = AccentColor;
				CODE_SIGN_STYLE = Automatic;
				CURRENT_PROJECT_VERSION = 1;
				DEVELOPMENT_TEAM = JY397TSSA8;
				GENERATE_INFOPLIST_FILE = YES;
				INFOPLIST_FILE = SBChat/Info.plist;
				INFOPLIST_KEY_UIApplicationSupportsIndirectInputEvents = YES;
				INFOPLIST_KEY_UILaunchStoryboardName = LaunchScreen;
				INFOPLIST_KEY_UISupportedInterfaceOrientations_iPad = "UIInterfaceOrientationPortrait UIInterfaceOrientationPortraitUpsideDown UIInterfaceOrientationLandscapeLeft UIInterfaceOrientationLandscapeRight";
				INFOPLIST_KEY_UISupportedInterfaceOrientations_iPhone = "UIInterfaceOrientationPortrait UIInterfaceOrientationLandscapeLeft UIInterfaceOrientationLandscapeRight";
				LD_RUNPATH_SEARCH_PATHS = (
					"$(inherited)",
					"@executable_path/Frameworks",
				);
				MARKETING_VERSION = 1.0;
				PRODUCT_BUNDLE_IDENTIFIER = JohnnyT38.SBChat;
				PRODUCT_NAME = "$(TARGET_NAME)";
				SWIFT_EMIT_LOC_STRINGS = YES;
				SWIFT_VERSION = 5.0;
				TARGETED_DEVICE_FAMILY = "1,2";
			};
			name = Debug;
		};
		2622649C275A631E00BBE148 /* Release */ = {
			isa = XCBuildConfiguration;
			baseConfigurationReference = B25F78BC539F68B19D1993BA /* Pods-SBChat.release.xcconfig */;
			buildSettings = {
				ASSETCATALOG_COMPILER_APPICON_NAME = AppIcon;
				ASSETCATALOG_COMPILER_GLOBAL_ACCENT_COLOR_NAME = AccentColor;
				CODE_SIGN_STYLE = Automatic;
				CURRENT_PROJECT_VERSION = 1;
				DEVELOPMENT_TEAM = JY397TSSA8;
				GENERATE_INFOPLIST_FILE = YES;
				INFOPLIST_FILE = SBChat/Info.plist;
				INFOPLIST_KEY_UIApplicationSupportsIndirectInputEvents = YES;
				INFOPLIST_KEY_UILaunchStoryboardName = LaunchScreen;
				INFOPLIST_KEY_UISupportedInterfaceOrientations_iPad = "UIInterfaceOrientationPortrait UIInterfaceOrientationPortraitUpsideDown UIInterfaceOrientationLandscapeLeft UIInterfaceOrientationLandscapeRight";
				INFOPLIST_KEY_UISupportedInterfaceOrientations_iPhone = "UIInterfaceOrientationPortrait UIInterfaceOrientationLandscapeLeft UIInterfaceOrientationLandscapeRight";
				LD_RUNPATH_SEARCH_PATHS = (
					"$(inherited)",
					"@executable_path/Frameworks",
				);
				MARKETING_VERSION = 1.0;
				PRODUCT_BUNDLE_IDENTIFIER = JohnnyT38.SBChat;
				PRODUCT_NAME = "$(TARGET_NAME)";
				SWIFT_EMIT_LOC_STRINGS = YES;
				SWIFT_VERSION = 5.0;
				TARGETED_DEVICE_FAMILY = "1,2";
			};
			name = Release;
		};
/* End XCBuildConfiguration section */

/* Begin XCConfigurationList section */
		26226481275A631E00BBE148 /* Build configuration list for PBXProject "SBChat" */ = {
			isa = XCConfigurationList;
			buildConfigurations = (
				26226498275A631E00BBE148 /* Debug */,
				26226499275A631E00BBE148 /* Release */,
			);
			defaultConfigurationIsVisible = 0;
			defaultConfigurationName = Release;
		};
		2622649A275A631E00BBE148 /* Build configuration list for PBXNativeTarget "SBChat" */ = {
			isa = XCConfigurationList;
			buildConfigurations = (
				2622649B275A631E00BBE148 /* Debug */,
				2622649C275A631E00BBE148 /* Release */,
			);
			defaultConfigurationIsVisible = 0;
			defaultConfigurationName = Release;
		};
/* End XCConfigurationList section */
	};
	rootObject = 2622647E275A631E00BBE148 /* Project object */;
}
